# This file is automatically @generated by Poetry 1.5.1 and should not be changed by hand.

[[package]]
name = "ansicon"
version = "1.89.0"
description = "Python wrapper for loading Jason Hood's ANSICON"
optional = false
python-versions = "*"
files = [
    {file = "ansicon-1.89.0-py2.py3-none-any.whl", hash = "sha256:f1def52d17f65c2c9682cf8370c03f541f410c1752d6a14029f97318e4b9dfec"},
    {file = "ansicon-1.89.0.tar.gz", hash = "sha256:e4d039def5768a47e4afec8e89e83ec3ae5a26bf00ad851f914d1240b444d2b1"},
]

[package.source]
type = "legacy"
url = "https://mirrors.cloud.tencent.com/pypi/simple"
reference = "tuna"

[[package]]
name = "appdirs"
version = "1.4.4"
description = "A small Python module for determining appropriate platform-specific dirs, e.g. a \"user data dir\"."
optional = false
python-versions = "*"
files = [
    {file = "appdirs-1.4.4-py2.py3-none-any.whl", hash = "sha256:a841dacd6b99318a741b166adb07e19ee71a274450e68237b4650ca1055ab128"},
    {file = "appdirs-1.4.4.tar.gz", hash = "sha256:7d5d0167b2b1ba821647616af46a749d1c653740dd0d2415100fe26e27afdf41"},
]

[package.source]
type = "legacy"
url = "https://mirrors.cloud.tencent.com/pypi/simple"
reference = "tuna"

[[package]]
name = "astroid"
version = "2.4.1"
description = "An abstract syntax tree for Python with inference support."
optional = false
python-versions = ">=3.5"
files = [
    {file = "astroid-2.4.1-py3-none-any.whl", hash = "sha256:d8506842a3faf734b81599c8b98dcc423de863adcc1999248480b18bd31a0f38"},
    {file = "astroid-2.4.1.tar.gz", hash = "sha256:4c17cea3e592c21b6e222f673868961bad77e1f985cb1694ed077475a89229c1"},
]

[package.dependencies]
lazy-object-proxy = "==1.4.*"
six = ">=1.12,<2.0"
typed-ast = {version = ">=1.4.0,<1.5", markers = "implementation_name == \"cpython\" and python_version < \"3.8\""}
wrapt = ">=1.11,<2.0"

[package.source]
type = "legacy"
url = "https://mirrors.cloud.tencent.com/pypi/simple"
reference = "tuna"

[[package]]
name = "attrs"
version = "19.3.0"
description = "Classes Without Boilerplate"
optional = false
python-versions = ">=2.7, !=3.0.*, !=3.1.*, !=3.2.*, !=3.3.*"
files = [
    {file = "attrs-19.3.0-py2.py3-none-any.whl", hash = "sha256:08a96c641c3a74e44eb59afb61a24f2cb9f4d7188748e76ba4bb5edfa3cb7d1c"},
    {file = "attrs-19.3.0.tar.gz", hash = "sha256:f7b7ce16570fe9965acd6d30101a28f62fb4a7f9e926b3bbc9b61f8b04247e72"},
]

[package.extras]
azure-pipelines = ["coverage", "hypothesis", "pympler", "pytest (>=4.3.0)", "pytest-azurepipelines", "six", "zope.interface"]
dev = ["coverage", "hypothesis", "pre-commit", "pympler", "pytest (>=4.3.0)", "six", "sphinx", "zope.interface"]
docs = ["sphinx", "zope.interface"]
tests = ["coverage", "hypothesis", "pympler", "pytest (>=4.3.0)", "six", "zope.interface"]

[package.source]
type = "legacy"
url = "https://mirrors.cloud.tencent.com/pypi/simple"
reference = "tuna"

[[package]]
name = "beautifulsoup4"
version = "4.9.0"
description = "Screen-scraping library"
optional = false
python-versions = "*"
files = [
    {file = "beautifulsoup4-4.9.0-py2-none-any.whl", hash = "sha256:a4bbe77fd30670455c5296242967a123ec28c37e9702a8a81bd2f20a4baf0368"},
    {file = "beautifulsoup4-4.9.0-py3-none-any.whl", hash = "sha256:d4e96ac9b0c3a6d3f0caae2e4124e6055c5dcafde8e2f831ff194c104f0775a0"},
    {file = "beautifulsoup4-4.9.0.tar.gz", hash = "sha256:594ca51a10d2b3443cbac41214e12dbb2a1cd57e1a7344659849e2e20ba6a8d8"},
]

[package.dependencies]
soupsieve = ">1.2"

[package.extras]
html5lib = ["html5lib"]
lxml = ["lxml"]

[package.source]
type = "legacy"
url = "https://mirrors.cloud.tencent.com/pypi/simple"
reference = "tuna"

[[package]]
name = "black"
version = "19.10b0"
description = "The uncompromising code formatter."
optional = false
python-versions = ">=3.6"
files = [
    {file = "black-19.10b0-py36-none-any.whl", hash = "sha256:1b30e59be925fafc1ee4565e5e08abef6b03fe455102883820fe5ee2e4734e0b"},
    {file = "black-19.10b0.tar.gz", hash = "sha256:c2edb73a08e9e0e6f65a0e6af18b059b8b1cdd5bef997d7a0b181df93dc81539"},
]

[package.dependencies]
appdirs = "*"
attrs = ">=18.1.0"
click = ">=6.5"
pathspec = ">=0.6,<1"
regex = "*"
toml = ">=0.9.4"
typed-ast = ">=1.4.0"

[package.extras]
d = ["aiohttp (>=3.3.2)", "aiohttp-cors"]

[package.source]
type = "legacy"
url = "https://mirrors.cloud.tencent.com/pypi/simple"
reference = "tuna"

[[package]]
name = "blessed"
version = "1.17.5"
description = "Easy, practical library for making terminal apps, by providing an elegant, well-documented interface to Colors, Keyboard input, and screen Positioning capabilities."
optional = false
python-versions = "*"
files = [
    {file = "blessed-1.17.5-py2.py3-none-any.whl", hash = "sha256:af119076d8b6b7e027999d3ced80290b906d7cdc9e36264842e14e6cf0d4a9ef"},
    {file = "blessed-1.17.5.tar.gz", hash = "sha256:926916492220af741657ec4668aba95f54a8c32445e765cfa38c7ccd3343cc6f"},
]

[package.dependencies]
jinxed = {version = ">=0.5.4", markers = "platform_system == \"Windows\""}
six = ">=1.9.0"
wcwidth = ">=0.1.4"

[package.source]
type = "legacy"
url = "https://mirrors.cloud.tencent.com/pypi/simple"
reference = "tuna"

[[package]]
name = "bs4"
version = "0.0.1"
description = "Screen-scraping library"
optional = false
python-versions = "*"
files = [
    {file = "bs4-0.0.1.tar.gz", hash = "sha256:36ecea1fd7cc5c0c6e4a1ff075df26d50da647b75376626cc186e2212886dd3a"},
]

[package.dependencies]
beautifulsoup4 = "*"

[package.source]
type = "legacy"
url = "https://mirrors.cloud.tencent.com/pypi/simple"
reference = "tuna"

[[package]]
name = "certifi"
version = "2023.7.22"
description = "Python package for providing Mozilla's CA Bundle."
optional = false
python-versions = ">=3.6"
files = [
    {file = "certifi-2023.7.22-py3-none-any.whl", hash = "sha256:92d6037539857d8206b8f6ae472e8b77db8058fec5937a1ef3f54304089edbb9"},
    {file = "certifi-2023.7.22.tar.gz", hash = "sha256:539cc1d13202e33ca466e88b2807e29f4c13049d6d87031a3c110744495cb082"},
]

[package.source]
type = "legacy"
url = "https://mirrors.cloud.tencent.com/pypi/simple"
reference = "tuna"

[[package]]
name = "chardet"
version = "3.0.4"
description = "Universal encoding detector for Python 2 and 3"
optional = false
python-versions = "*"
files = [
    {file = "chardet-3.0.4-py2.py3-none-any.whl", hash = "sha256:fc323ffcaeaed0e0a02bf4d117757b98aed530d9ed4531e3e15460124c106691"},
    {file = "chardet-3.0.4.tar.gz", hash = "sha256:84ab92ed1c4d4f16916e05906b6b75a6c0fb5db821cc65e70cbd64a3e2a5eaae"},
]

[package.source]
type = "legacy"
url = "https://mirrors.cloud.tencent.com/pypi/simple"
reference = "tuna"

[[package]]
name = "click"
version = "7.1.2"
description = "Composable command line interface toolkit"
optional = false
python-versions = ">=2.7, !=3.0.*, !=3.1.*, !=3.2.*, !=3.3.*, !=3.4.*"
files = [
    {file = "click-7.1.2-py2.py3-none-any.whl", hash = "sha256:dacca89f4bfadd5de3d7489b7c8a566eee0d3676333fbb50030263894c38c0dc"},
    {file = "click-7.1.2.tar.gz", hash = "sha256:d2b5255c7c6349bc1bd1e59e08cd12acbbd63ce649f2588755783aa94dfb6b1a"},
]

[package.source]
type = "legacy"
url = "https://mirrors.cloud.tencent.com/pypi/simple"
reference = "tuna"

[[package]]
name = "colorama"
version = "0.4.3"
description = "Cross-platform colored terminal text."
optional = false
python-versions = ">=2.7, !=3.0.*, !=3.1.*, !=3.2.*, !=3.3.*, !=3.4.*"
files = [
    {file = "colorama-0.4.3-py2.py3-none-any.whl", hash = "sha256:7d73d2a99753107a36ac6b455ee49046802e59d9d076ef8e47b61499fa29afff"},
    {file = "colorama-0.4.3.tar.gz", hash = "sha256:e96da0d330793e2cb9485e9ddfd918d456036c7149416295932478192f4436a1"},
]

[package.source]
type = "legacy"
url = "https://mirrors.cloud.tencent.com/pypi/simple"
reference = "tuna"

[[package]]
name = "cssselect"
version = "1.1.0"
description = "cssselect parses CSS3 Selectors and translates them to XPath 1.0"
optional = false
python-versions = ">=2.7, !=3.0.*, !=3.1.*, !=3.2.*, !=3.3.*"
files = [
    {file = "cssselect-1.1.0-py2.py3-none-any.whl", hash = "sha256:f612ee47b749c877ebae5bb77035d8f4202c6ad0f0fc1271b3c18ad6c4468ecf"},
    {file = "cssselect-1.1.0.tar.gz", hash = "sha256:f95f8dedd925fd8f54edb3d2dfb44c190d9d18512377d3c1e2388d16126879bc"},
]

[package.source]
type = "legacy"
url = "https://mirrors.cloud.tencent.com/pypi/simple"
reference = "tuna"

[[package]]
name = "fake-useragent"
version = "0.1.11"
description = "Up to date simple useragent faker with real world database"
optional = false
python-versions = "*"
files = [
    {file = "fake-useragent-0.1.11.tar.gz", hash = "sha256:c104998b750eb097eefc28ae28e92d66397598d2cf41a31aa45d5559ef1adf35"},
]

[package.source]
type = "legacy"
url = "https://mirrors.cloud.tencent.com/pypi/simple"
reference = "tuna"

[[package]]
name = "idna"
version = "2.9"
description = "Internationalized Domain Names in Applications (IDNA)"
optional = false
python-versions = ">=2.7, !=3.0.*, !=3.1.*, !=3.2.*, !=3.3.*"
files = [
    {file = "idna-2.9-py2.py3-none-any.whl", hash = "sha256:a068a21ceac8a4d63dbfd964670474107f541babbd2250d61922f029858365fa"},
    {file = "idna-2.9.tar.gz", hash = "sha256:7588d1c14ae4c77d74036e8c22ff447b26d0fde8f007354fd48a7814db15b7cb"},
]

[package.source]
type = "legacy"
url = "https://mirrors.cloud.tencent.com/pypi/simple"
reference = "tuna"

[[package]]
name = "isort"
version = "4.3.21"
description = "A Python utility / library to sort Python imports."
optional = false
python-versions = ">=2.7, !=3.0.*, !=3.1.*, !=3.2.*, !=3.3.*"
files = [
    {file = "isort-4.3.21-py2.py3-none-any.whl", hash = "sha256:6e811fcb295968434526407adb8796944f1988c5b65e8139058f2014cbe100fd"},
    {file = "isort-4.3.21.tar.gz", hash = "sha256:54da7e92468955c4fceacd0c86bd0ec997b0e1ee80d97f67c35a78b719dccab1"},
]

[package.extras]
pipfile = ["pipreqs", "requirementslib"]
pyproject = ["toml"]
requirements = ["pip-api", "pipreqs"]
xdg-home = ["appdirs (>=1.4.0)"]

[package.source]
type = "legacy"
url = "https://mirrors.cloud.tencent.com/pypi/simple"
reference = "tuna"

[[package]]
name = "jinxed"
version = "1.0.0"
description = "Jinxed Terminal Library"
optional = false
python-versions = "*"
files = [
    {file = "jinxed-1.0.0-py2.py3-none-any.whl", hash = "sha256:79ceb7097ba9d905000905173554092e81fe31aebb107b9566a15767dfdc3a82"},
    {file = "jinxed-1.0.0.tar.gz", hash = "sha256:094d0e1c92b8bcf324d1fb4dceaa82cb79e4524790caf524eca0499807a0fbd8"},
]

[package.dependencies]
ansicon = {version = "*", markers = "platform_system == \"Windows\""}

[package.source]
type = "legacy"
url = "https://mirrors.cloud.tencent.com/pypi/simple"
reference = "tuna"

[[package]]
name = "lazy-object-proxy"
version = "1.4.3"
description = "A fast and thorough lazy object proxy."
optional = false
python-versions = ">=2.7, !=3.0.*, !=3.1.*, !=3.2.*, !=3.3.*"
files = [
    {file = "lazy-object-proxy-1.4.3.tar.gz", hash = "sha256:f3900e8a5de27447acbf900b4750b0ddfd7ec1ea7fbaf11dfa911141bc522af0"},
    {file = "lazy_object_proxy-1.4.3-cp27-cp27m-macosx_10_13_x86_64.whl", hash = "sha256:a2238e9d1bb71a56cd710611a1614d1194dc10a175c1e08d75e1a7bcc250d442"},
    {file = "lazy_object_proxy-1.4.3-cp27-cp27m-win32.whl", hash = "sha256:efa1909120ce98bbb3777e8b6f92237f5d5c8ea6758efea36a473e1d38f7d3e4"},
    {file = "lazy_object_proxy-1.4.3-cp27-cp27m-win_amd64.whl", hash = "sha256:4677f594e474c91da97f489fea5b7daa17b5517190899cf213697e48d3902f5a"},
    {file = "lazy_object_proxy-1.4.3-cp27-cp27mu-manylinux1_x86_64.whl", hash = "sha256:0c4b206227a8097f05c4dbdd323c50edf81f15db3b8dc064d08c62d37e1a504d"},
    {file = "lazy_object_proxy-1.4.3-cp34-cp34m-manylinux1_x86_64.whl", hash = "sha256:d945239a5639b3ff35b70a88c5f2f491913eb94871780ebfabb2568bd58afc5a"},
    {file = "lazy_object_proxy-1.4.3-cp34-cp34m-win32.whl", hash = "sha256:9651375199045a358eb6741df3e02a651e0330be090b3bc79f6d0de31a80ec3e"},
    {file = "lazy_object_proxy-1.4.3-cp34-cp34m-win_amd64.whl", hash = "sha256:eba7011090323c1dadf18b3b689845fd96a61ba0a1dfbd7f24b921398affc357"},
    {file = "lazy_object_proxy-1.4.3-cp35-cp35m-manylinux1_x86_64.whl", hash = "sha256:48dab84ebd4831077b150572aec802f303117c8cc5c871e182447281ebf3ac50"},
    {file = "lazy_object_proxy-1.4.3-cp35-cp35m-win32.whl", hash = "sha256:ca0a928a3ddbc5725be2dd1cf895ec0a254798915fb3a36af0964a0a4149e3db"},
    {file = "lazy_object_proxy-1.4.3-cp35-cp35m-win_amd64.whl", hash = "sha256:194d092e6f246b906e8f70884e620e459fc54db3259e60cf69a4d66c3fda3449"},
    {file = "lazy_object_proxy-1.4.3-cp36-cp36m-manylinux1_x86_64.whl", hash = "sha256:97bb5884f6f1cdce0099f86b907aa41c970c3c672ac8b9c8352789e103cf3156"},
    {file = "lazy_object_proxy-1.4.3-cp36-cp36m-win32.whl", hash = "sha256:cb2c7c57005a6804ab66f106ceb8482da55f5314b7fcb06551db1edae4ad1531"},
    {file = "lazy_object_proxy-1.4.3-cp36-cp36m-win_amd64.whl", hash = "sha256:8d859b89baf8ef7f8bc6b00aa20316483d67f0b1cbf422f5b4dc56701c8f2ffb"},
    {file = "lazy_object_proxy-1.4.3-cp37-cp37m-macosx_10_13_x86_64.whl", hash = "sha256:1be7e4c9f96948003609aa6c974ae59830a6baecc5376c25c92d7d697e684c08"},
    {file = "lazy_object_proxy-1.4.3-cp37-cp37m-manylinux1_x86_64.whl", hash = "sha256:d74bb8693bf9cf75ac3b47a54d716bbb1a92648d5f781fc799347cfc95952383"},
    {file = "lazy_object_proxy-1.4.3-cp37-cp37m-win32.whl", hash = "sha256:9b15f3f4c0f35727d3a0fba4b770b3c4ebbb1fa907dbcc046a1d2799f3edd142"},
    {file = "lazy_object_proxy-1.4.3-cp37-cp37m-win_amd64.whl", hash = "sha256:9254f4358b9b541e3441b007a0ea0764b9d056afdeafc1a5569eee1cc6c1b9ea"},
    {file = "lazy_object_proxy-1.4.3-cp38-cp38-manylinux1_x86_64.whl", hash = "sha256:a6ae12d08c0bf9909ce12385803a543bfe99b95fe01e752536a60af2b7797c62"},
    {file = "lazy_object_proxy-1.4.3-cp38-cp38-win32.whl", hash = "sha256:5541cada25cd173702dbd99f8e22434105456314462326f06dba3e180f203dfd"},
    {file = "lazy_object_proxy-1.4.3-cp38-cp38-win_amd64.whl", hash = "sha256:59f79fef100b09564bc2df42ea2d8d21a64fdcda64979c0fa3db7bdaabaf6239"},
]

[package.source]
type = "legacy"
url = "https://mirrors.cloud.tencent.com/pypi/simple"
reference = "tuna"

[[package]]
name = "lxml"
version = "4.5.0"
description = "Powerful and Pythonic XML processing library combining libxml2/libxslt with the ElementTree API."
optional = false
python-versions = ">=2.7, !=3.0.*, !=3.1.*, !=3.2.*, !=3.3.*, != 3.4.*"
files = [
    {file = "lxml-4.5.0-cp27-cp27m-macosx_10_9_x86_64.whl", hash = "sha256:0701f7965903a1c3f6f09328c1278ac0eee8f56f244e66af79cb224b7ef3801c"},
    {file = "lxml-4.5.0-cp27-cp27m-manylinux1_i686.whl", hash = "sha256:06d4e0bbb1d62e38ae6118406d7cdb4693a3fa34ee3762238bcb96c9e36a93cd"},
    {file = "lxml-4.5.0-cp27-cp27m-manylinux1_x86_64.whl", hash = "sha256:5828c7f3e615f3975d48f40d4fe66e8a7b25f16b5e5705ffe1d22e43fb1f6261"},
    {file = "lxml-4.5.0-cp27-cp27m-win32.whl", hash = "sha256:afdb34b715daf814d1abea0317b6d672476b498472f1e5aacbadc34ebbc26e89"},
    {file = "lxml-4.5.0-cp27-cp27m-win_amd64.whl", hash = "sha256:585c0869f75577ac7a8ff38d08f7aac9033da2c41c11352ebf86a04652758b7a"},
    {file = "lxml-4.5.0-cp27-cp27mu-manylinux1_i686.whl", hash = "sha256:8a0ebda56ebca1a83eb2d1ac266649b80af8dd4b4a3502b2c1e09ac2f88fe128"},
    {file = "lxml-4.5.0-cp27-cp27mu-manylinux1_x86_64.whl", hash = "sha256:fe976a0f1ef09b3638778024ab9fb8cde3118f203364212c198f71341c0715ca"},
    {file = "lxml-4.5.0-cp35-cp35m-manylinux1_i686.whl", hash = "sha256:7bc1b221e7867f2e7ff1933165c0cec7153dce93d0cdba6554b42a8beb687bdb"},
    {file = "lxml-4.5.0-cp35-cp35m-manylinux1_x86_64.whl", hash = "sha256:d068f55bda3c2c3fcaec24bd083d9e2eede32c583faf084d6e4b9daaea77dde8"},
    {file = "lxml-4.5.0-cp35-cp35m-win32.whl", hash = "sha256:e4aa948eb15018a657702fee0b9db47e908491c64d36b4a90f59a64741516e77"},
    {file = "lxml-4.5.0-cp35-cp35m-win_amd64.whl", hash = "sha256:1f2c4ec372bf1c4a2c7e4bb20845e8bcf8050365189d86806bad1e3ae473d081"},
    {file = "lxml-4.5.0-cp36-cp36m-macosx_10_9_x86_64.whl", hash = "sha256:5d467ce9c5d35b3bcc7172c06320dddb275fea6ac2037f72f0a4d7472035cea9"},
    {file = "lxml-4.5.0-cp36-cp36m-manylinux1_i686.whl", hash = "sha256:95e67224815ef86924fbc2b71a9dbd1f7262384bca4bc4793645794ac4200717"},
    {file = "lxml-4.5.0-cp36-cp36m-manylinux1_x86_64.whl", hash = "sha256:ebec08091a22c2be870890913bdadd86fcd8e9f0f22bcb398abd3af914690c15"},
    {file = "lxml-4.5.0-cp36-cp36m-win32.whl", hash = "sha256:deadf4df349d1dcd7b2853a2c8796593cc346600726eff680ed8ed11812382a7"},
    {file = "lxml-4.5.0-cp36-cp36m-win_amd64.whl", hash = "sha256:f2b74784ed7e0bc2d02bd53e48ad6ba523c9b36c194260b7a5045071abbb1012"},
    {file = "lxml-4.5.0-cp37-cp37m-macosx_10_9_x86_64.whl", hash = "sha256:fa071559f14bd1e92077b1b5f6c22cf09756c6de7139370249eb372854ce51e6"},
    {file = "lxml-4.5.0-cp37-cp37m-manylinux1_i686.whl", hash = "sha256:edc15fcfd77395e24543be48871c251f38132bb834d9fdfdad756adb6ea37679"},
    {file = "lxml-4.5.0-cp37-cp37m-manylinux1_x86_64.whl", hash = "sha256:fd52e796fee7171c4361d441796b64df1acfceb51f29e545e812f16d023c4bbc"},
    {file = "lxml-4.5.0-cp37-cp37m-win32.whl", hash = "sha256:90ed0e36455a81b25b7034038e40880189169c308a3df360861ad74da7b68c1a"},
    {file = "lxml-4.5.0-cp37-cp37m-win_amd64.whl", hash = "sha256:df533af6f88080419c5a604d0d63b2c33b1c0c4409aba7d0cb6de305147ea8c8"},
    {file = "lxml-4.5.0-cp38-cp38-macosx_10_9_x86_64.whl", hash = "sha256:b4b2c63cc7963aedd08a5f5a454c9f67251b1ac9e22fd9d72836206c42dc2a72"},
    {file = "lxml-4.5.0-cp38-cp38-manylinux1_i686.whl", hash = "sha256:e5d842c73e4ef6ed8c1bd77806bf84a7cb535f9c0cf9b2c74d02ebda310070e1"},
    {file = "lxml-4.5.0-cp38-cp38-manylinux1_x86_64.whl", hash = "sha256:63dbc21efd7e822c11d5ddbedbbb08cd11a41e0032e382a0fd59b0b08e405a3a"},
    {file = "lxml-4.5.0-cp38-cp38-win32.whl", hash = "sha256:4235bc124fdcf611d02047d7034164897ade13046bda967768836629bc62784f"},
    {file = "lxml-4.5.0-cp38-cp38-win_amd64.whl", hash = "sha256:d5b3c4b7edd2e770375a01139be11307f04341ec709cf724e0f26ebb1eef12c3"},
    {file = "lxml-4.5.0.tar.gz", hash = "sha256:8620ce80f50d023d414183bf90cc2576c2837b88e00bea3f33ad2630133bbb60"},
]

[package.extras]
cssselect = ["cssselect (>=0.7)"]
html5 = ["html5lib"]
htmlsoup = ["BeautifulSoup4"]
source = ["Cython (>=0.29.7)"]

[package.source]
type = "legacy"
url = "https://mirrors.cloud.tencent.com/pypi/simple"
reference = "tuna"

[[package]]
name = "mccabe"
version = "0.6.1"
description = "McCabe checker, plugin for flake8"
optional = false
python-versions = "*"
files = [
    {file = "mccabe-0.6.1-py2.py3-none-any.whl", hash = "sha256:ab8a6258860da4b6677da4bd2fe5dc2c659cff31b3ee4f7f5d64e79735b80d42"},
    {file = "mccabe-0.6.1.tar.gz", hash = "sha256:dd8d182285a0fe56bace7f45b5e7d1a6ebcbf524e8f3bd87eb0f125271b8831f"},
]

[package.source]
type = "legacy"
url = "https://mirrors.cloud.tencent.com/pypi/simple"
reference = "tuna"

[[package]]
name = "parse"
version = "1.15.0"
description = "parse() is the opposite of format()"
optional = false
python-versions = "*"
files = [
    {file = "parse-1.15.0.tar.gz", hash = "sha256:a6d4e2c2f1fbde6717d28084a191a052950f758c0cbd83805357e6575c2b95c0"},
]

[package.source]
type = "legacy"
url = "https://mirrors.cloud.tencent.com/pypi/simple"
reference = "tuna"

[[package]]
name = "pathspec"
version = "0.8.0"
description = "Utility library for gitignore style pattern matching of file paths."
optional = false
python-versions = ">=2.7, !=3.0.*, !=3.1.*, !=3.2.*, !=3.3.*, !=3.4.*"
files = [
    {file = "pathspec-0.8.0-py2.py3-none-any.whl", hash = "sha256:7d91249d21749788d07a2d0f94147accd8f845507400749ea19c1ec9054a12b0"},
    {file = "pathspec-0.8.0.tar.gz", hash = "sha256:da45173eb3a6f2a5a487efba21f050af2b41948be6ab52b6a1e3ff22bb8b7061"},
]

[package.source]
type = "legacy"
url = "https://mirrors.cloud.tencent.com/pypi/simple"
reference = "tuna"

[[package]]
name = "pyee"
version = "7.0.2"
description = "A port of node.js's EventEmitter to python."
optional = false
python-versions = "*"
files = [
    {file = "pyee-7.0.2-py2.py3-none-any.whl", hash = "sha256:a0fee808414a4fc077d81be80dfe785879430b03101088747714c045292751c0"},
    {file = "pyee-7.0.2.tar.gz", hash = "sha256:c908d1ecb32918bbf7dbb895a093153b0ca1ed8f04fc067d98bd4c5917aeb3d8"},
]

[package.source]
type = "legacy"
url = "https://mirrors.cloud.tencent.com/pypi/simple"
reference = "tuna"

[[package]]
name = "pylint"
version = "2.5.2"
description = "python code static checker"
optional = false
python-versions = ">=3.5.*"
files = [
    {file = "pylint-2.5.2-py3-none-any.whl", hash = "sha256:dd506acce0427e9e08fb87274bcaa953d38b50a58207170dbf5b36cf3e16957b"},
    {file = "pylint-2.5.2.tar.gz", hash = "sha256:b95e31850f3af163c2283ed40432f053acbc8fc6eba6a069cb518d9dbf71848c"},
]

[package.dependencies]
astroid = ">=2.4.0,<=2.5"
colorama = {version = "*", markers = "sys_platform == \"win32\""}
isort = ">=4.2.5,<5"
mccabe = ">=0.6,<0.7"
toml = ">=0.7.1"

[package.source]
type = "legacy"
url = "https://mirrors.cloud.tencent.com/pypi/simple"
reference = "tuna"

[[package]]
name = "pyppeteer"
version = "0.0.25"
description = "Headless chrome/chromium automation library (unofficial port of puppeteer)"
optional = false
python-versions = ">=3.5"
files = [
    {file = "pyppeteer-0.0.25.tar.gz", hash = "sha256:51fe769b722a1718043b74d12c20420f29e0dd9eeea2b66652b7f93a9ad465dd"},
]

[package.dependencies]
appdirs = "*"
pyee = "*"
tqdm = "*"
urllib3 = "*"
websockets = "*"

[package.source]
type = "legacy"
url = "https://mirrors.cloud.tencent.com/pypi/simple"
reference = "tuna"

[[package]]
name = "pyquery"
version = "1.4.1"
description = "A jquery-like library for python"
optional = false
python-versions = "*"
files = [
    {file = "pyquery-1.4.1-py2.py3-none-any.whl", hash = "sha256:710eac327b87f15f74a95c3378c6ba62ef6fcfb0a6d009a7d33349c9f7e65835"},
    {file = "pyquery-1.4.1.tar.gz", hash = "sha256:8fcf77c72e3d602ce10a0bd4e65f57f0945c18e15627e49130c27172d4939d98"},
]

[package.dependencies]
cssselect = ">0.7.9"
lxml = ">=2.1"

[package.source]
type = "legacy"
url = "https://mirrors.cloud.tencent.com/pypi/simple"
reference = "tuna"

[[package]]
name = "regex"
version = "2020.5.14"
description = "Alternative regular expression module, to replace re."
optional = false
python-versions = "*"
files = [
    {file = "regex-2020.5.14-cp27-cp27m-win32.whl", hash = "sha256:e565569fc28e3ba3e475ec344d87ed3cd8ba2d575335359749298a0899fe122e"},
    {file = "regex-2020.5.14-cp27-cp27m-win_amd64.whl", hash = "sha256:d466967ac8e45244b9dfe302bbe5e3337f8dc4dec8d7d10f5e950d83b140d33a"},
    {file = "regex-2020.5.14-cp36-cp36m-manylinux1_i686.whl", hash = "sha256:27ff7325b297fb6e5ebb70d10437592433601c423f5acf86e5bc1ee2919b9561"},
    {file = "regex-2020.5.14-cp36-cp36m-manylinux1_x86_64.whl", hash = "sha256:ea55b80eb0d1c3f1d8d784264a6764f931e172480a2f1868f2536444c5f01e01"},
    {file = "regex-2020.5.14-cp36-cp36m-manylinux2010_i686.whl", hash = "sha256:c9bce6e006fbe771a02bda468ec40ffccbf954803b470a0345ad39c603402577"},
    {file = "regex-2020.5.14-cp36-cp36m-manylinux2010_x86_64.whl", hash = "sha256:d881c2e657c51d89f02ae4c21d9adbef76b8325fe4d5cf0e9ad62f850f3a98fd"},
    {file = "regex-2020.5.14-cp36-cp36m-win32.whl", hash = "sha256:99568f00f7bf820c620f01721485cad230f3fb28f57d8fbf4a7967ec2e446994"},
    {file = "regex-2020.5.14-cp36-cp36m-win_amd64.whl", hash = "sha256:70c14743320a68c5dac7fc5a0f685be63bc2024b062fe2aaccc4acc3d01b14a1"},
    {file = "regex-2020.5.14-cp37-cp37m-manylinux1_i686.whl", hash = "sha256:a7c37f048ec3920783abab99f8f4036561a174f1314302ccfa4e9ad31cb00eb4"},
    {file = "regex-2020.5.14-cp37-cp37m-manylinux1_x86_64.whl", hash = "sha256:89d76ce33d3266173f5be80bd4efcbd5196cafc34100fdab814f9b228dee0fa4"},
    {file = "regex-2020.5.14-cp37-cp37m-manylinux2010_i686.whl", hash = "sha256:51f17abbe973c7673a61863516bdc9c0ef467407a940f39501e786a07406699c"},
    {file = "regex-2020.5.14-cp37-cp37m-manylinux2010_x86_64.whl", hash = "sha256:ce5cc53aa9fbbf6712e92c7cf268274eaff30f6bd12a0754e8133d85a8fb0f5f"},
    {file = "regex-2020.5.14-cp37-cp37m-win32.whl", hash = "sha256:8044d1c085d49673aadb3d7dc20ef5cb5b030c7a4fa253a593dda2eab3059929"},
    {file = "regex-2020.5.14-cp37-cp37m-win_amd64.whl", hash = "sha256:c2062c7d470751b648f1cacc3f54460aebfc261285f14bc6da49c6943bd48bdd"},
    {file = "regex-2020.5.14-cp38-cp38-manylinux1_i686.whl", hash = "sha256:329ba35d711e3428db6b45a53b1b13a0a8ba07cbbcf10bbed291a7da45f106c3"},
    {file = "regex-2020.5.14-cp38-cp38-manylinux1_x86_64.whl", hash = "sha256:579ea215c81d18da550b62ff97ee187b99f1b135fd894a13451e00986a080cad"},
    {file = "regex-2020.5.14-cp38-cp38-manylinux2010_i686.whl", hash = "sha256:3a9394197664e35566242686d84dfd264c07b20f93514e2e09d3c2b3ffdf78fe"},
    {file = "regex-2020.5.14-cp38-cp38-manylinux2010_x86_64.whl", hash = "sha256:ce367d21f33e23a84fb83a641b3834dd7dd8e9318ad8ff677fbfae5915a239f7"},
    {file = "regex-2020.5.14-cp38-cp38-win32.whl", hash = "sha256:1386e75c9d1574f6aa2e4eb5355374c8e55f9aac97e224a8a5a6abded0f9c927"},
    {file = "regex-2020.5.14-cp38-cp38-win_amd64.whl", hash = "sha256:7e61be8a2900897803c293247ef87366d5df86bf701083b6c43119c7c6c99108"},
    {file = "regex-2020.5.14.tar.gz", hash = "sha256:ce450ffbfec93821ab1fea94779a8440e10cf63819be6e176eb1973a6017aff5"},
]

[package.source]
type = "legacy"
url = "https://mirrors.cloud.tencent.com/pypi/simple"
reference = "tuna"

[[package]]
name = "requests"
version = "2.23.0"
description = "Python HTTP for Humans."
optional = false
python-versions = ">=2.7, !=3.0.*, !=3.1.*, !=3.2.*, !=3.3.*, !=3.4.*"
files = [
    {file = "requests-2.23.0-py2.py3-none-any.whl", hash = "sha256:43999036bfa82904b6af1d99e4882b560e5e2c68e5c4b0aa03b655f3d7d73fee"},
    {file = "requests-2.23.0.tar.gz", hash = "sha256:b3f43d496c6daba4493e7c431722aeb7dbc6288f52a6e04e7b6023b0247817e6"},
]

[package.dependencies]
certifi = ">=2017.4.17"
chardet = ">=3.0.2,<4"
idna = ">=2.5,<3"
urllib3 = ">=1.21.1,<1.25.0 || >1.25.0,<1.25.1 || >1.25.1,<1.26"

[package.extras]
security = ["cryptography (>=1.3.4)", "pyOpenSSL (>=0.14)"]
socks = ["PySocks (>=1.5.6,!=1.5.7)", "win-inet-pton"]

[package.source]
type = "legacy"
url = "https://mirrors.cloud.tencent.com/pypi/simple"
reference = "tuna"

[[package]]
name = "requests-html"
version = "0.10.0"
description = "HTML Parsing for Humans."
optional = false
python-versions = ">=3.6.0"
files = [
    {file = "requests-html-0.10.0.tar.gz", hash = "sha256:7e929ecfed95fb1d0994bb368295d6d7c4d06b03fcb900c33d7d0b17e6003947"},
    {file = "requests_html-0.10.0-py3-none-any.whl", hash = "sha256:cb8a78cf829c4eca9d6233f28524f65dd2bfaafb4bdbbc407f0a0b8f487df6e2"},
]

[package.dependencies]
bs4 = "*"
fake-useragent = "*"
parse = "*"
pyppeteer = ">=0.0.14"
pyquery = "*"
requests = "*"
w3lib = "*"

[package.source]
type = "legacy"
url = "https://mirrors.cloud.tencent.com/pypi/simple"
reference = "tuna"

[[package]]
name = "six"
version = "1.14.0"
description = "Python 2 and 3 compatibility utilities"
optional = false
python-versions = ">=2.7, !=3.0.*, !=3.1.*, !=3.2.*"
files = [
    {file = "six-1.14.0-py2.py3-none-any.whl", hash = "sha256:8f3cd2e254d8f793e7f3d6d9df77b92252b52637291d0f0da013c76ea2724b6c"},
    {file = "six-1.14.0.tar.gz", hash = "sha256:236bdbdce46e6e6a3d61a337c0f8b763ca1e8717c03b369e87a7ec7ce1319c0a"},
]

[package.source]
type = "legacy"
url = "https://mirrors.cloud.tencent.com/pypi/simple"
reference = "tuna"

[[package]]
name = "soupsieve"
version = "1.9.5"
description = "A modern CSS selector implementation for Beautiful Soup."
optional = false
python-versions = "*"
files = [
    {file = "soupsieve-1.9.5-py2.py3-none-any.whl", hash = "sha256:bdb0d917b03a1369ce964056fc195cfdff8819c40de04695a80bc813c3cfa1f5"},
    {file = "soupsieve-1.9.5.tar.gz", hash = "sha256:e2c1c5dee4a1c36bcb790e0fabd5492d874b8ebd4617622c4f6a731701060dda"},
]

[package.source]
type = "legacy"
url = "https://mirrors.cloud.tencent.com/pypi/simple"
reference = "tuna"

[[package]]
name = "toml"
version = "0.10.1"
description = "Python Library for Tom's Obvious, Minimal Language"
optional = false
python-versions = "*"
files = [
    {file = "toml-0.10.1-py2.py3-none-any.whl", hash = "sha256:bda89d5935c2eac546d648028b9901107a595863cb36bae0c73ac804a9b4ce88"},
    {file = "toml-0.10.1.tar.gz", hash = "sha256:926b612be1e5ce0634a2ca03470f95169cf16f939018233a670519cb4ac58b0f"},
]

[package.source]
type = "legacy"
url = "https://mirrors.cloud.tencent.com/pypi/simple"
reference = "tuna"

[[package]]
name = "tqdm"
version = "4.46.0"
description = "Fast, Extensible Progress Meter"
optional = false
python-versions = ">=2.6, !=3.0.*, !=3.1.*"
files = [
    {file = "tqdm-4.46.0-py2.py3-none-any.whl", hash = "sha256:acdafb20f51637ca3954150d0405ff1a7edde0ff19e38fb99a80a66210d2a28f"},
    {file = "tqdm-4.46.0.tar.gz", hash = "sha256:4733c4a10d0f2a4d098d801464bdaf5240c7dadd2a7fde4ee93b0a0efd9fb25e"},
]

[package.extras]
dev = ["argopt", "py-make (>=0.1.0)", "pydoc-markdown", "twine"]

[package.source]
type = "legacy"
url = "https://mirrors.cloud.tencent.com/pypi/simple"
reference = "tuna"

[[package]]
name = "typed-ast"
version = "1.4.1"
description = "a fork of Python 2 and 3 ast modules with type comment support"
optional = false
python-versions = "*"
files = [
    {file = "typed_ast-1.4.1-cp35-cp35m-manylinux1_i686.whl", hash = "sha256:73d785a950fc82dd2a25897d525d003f6378d1cb23ab305578394694202a58c3"},
    {file = "typed_ast-1.4.1-cp35-cp35m-manylinux1_x86_64.whl", hash = "sha256:aaee9905aee35ba5905cfb3c62f3e83b3bec7b39413f0a7f19be4e547ea01ebb"},
    {file = "typed_ast-1.4.1-cp35-cp35m-win32.whl", hash = "sha256:0c2c07682d61a629b68433afb159376e24e5b2fd4641d35424e462169c0a7919"},
    {file = "typed_ast-1.4.1-cp35-cp35m-win_amd64.whl", hash = "sha256:4083861b0aa07990b619bd7ddc365eb7fa4b817e99cf5f8d9cf21a42780f6e01"},
    {file = "typed_ast-1.4.1-cp36-cp36m-macosx_10_9_x86_64.whl", hash = "sha256:269151951236b0f9a6f04015a9004084a5ab0d5f19b57de779f908621e7d8b75"},
    {file = "typed_ast-1.4.1-cp36-cp36m-manylinux1_i686.whl", hash = "sha256:24995c843eb0ad11a4527b026b4dde3da70e1f2d8806c99b7b4a7cf491612652"},
    {file = "typed_ast-1.4.1-cp36-cp36m-manylinux1_x86_64.whl", hash = "sha256:fe460b922ec15dd205595c9b5b99e2f056fd98ae8f9f56b888e7a17dc2b757e7"},
    {file = "typed_ast-1.4.1-cp36-cp36m-manylinux2014_aarch64.whl", hash = "sha256:fcf135e17cc74dbfbc05894ebca928ffeb23d9790b3167a674921db19082401f"},
    {file = "typed_ast-1.4.1-cp36-cp36m-win32.whl", hash = "sha256:4e3e5da80ccbebfff202a67bf900d081906c358ccc3d5e3c8aea42fdfdfd51c1"},
    {file = "typed_ast-1.4.1-cp36-cp36m-win_amd64.whl", hash = "sha256:249862707802d40f7f29f6e1aad8d84b5aa9e44552d2cc17384b209f091276aa"},
    {file = "typed_ast-1.4.1-cp37-cp37m-macosx_10_9_x86_64.whl", hash = "sha256:8ce678dbaf790dbdb3eba24056d5364fb45944f33553dd5869b7580cdbb83614"},
    {file = "typed_ast-1.4.1-cp37-cp37m-manylinux1_i686.whl", hash = "sha256:c9e348e02e4d2b4a8b2eedb48210430658df6951fa484e59de33ff773fbd4b41"},
    {file = "typed_ast-1.4.1-cp37-cp37m-manylinux1_x86_64.whl", hash = "sha256:bcd3b13b56ea479b3650b82cabd6b5343a625b0ced5429e4ccad28a8973f301b"},
    {file = "typed_ast-1.4.1-cp37-cp37m-manylinux2014_aarch64.whl", hash = "sha256:f208eb7aff048f6bea9586e61af041ddf7f9ade7caed625742af423f6bae3298"},
    {file = "typed_ast-1.4.1-cp37-cp37m-win32.whl", hash = "sha256:d5d33e9e7af3b34a40dc05f498939f0ebf187f07c385fd58d591c533ad8562fe"},
    {file = "typed_ast-1.4.1-cp37-cp37m-win_amd64.whl", hash = "sha256:0666aa36131496aed8f7be0410ff974562ab7eeac11ef351def9ea6fa28f6355"},
    {file = "typed_ast-1.4.1-cp38-cp38-macosx_10_15_x86_64.whl", hash = "sha256:d205b1b46085271b4e15f670058ce182bd1199e56b317bf2ec004b6a44f911f6"},
    {file = "typed_ast-1.4.1-cp38-cp38-manylinux1_i686.whl", hash = "sha256:6daac9731f172c2a22ade6ed0c00197ee7cc1221aa84cfdf9c31defeb059a907"},
    {file = "typed_ast-1.4.1-cp38-cp38-manylinux1_x86_64.whl", hash = "sha256:498b0f36cc7054c1fead3d7fc59d2150f4d5c6c56ba7fb150c013fbc683a8d2d"},
    {file = "typed_ast-1.4.1-cp38-cp38-manylinux2014_aarch64.whl", hash = "sha256:7e4c9d7658aaa1fc80018593abdf8598bf91325af6af5cce4ce7c73bc45ea53d"},
    {file = "typed_ast-1.4.1-cp38-cp38-win32.whl", hash = "sha256:715ff2f2df46121071622063fc7543d9b1fd19ebfc4f5c8895af64a77a8c852c"},
    {file = "typed_ast-1.4.1-cp38-cp38-win_amd64.whl", hash = "sha256:fc0fea399acb12edbf8a628ba8d2312f583bdbdb3335635db062fa98cf71fca4"},
    {file = "typed_ast-1.4.1-cp39-cp39-macosx_10_15_x86_64.whl", hash = "sha256:d43943ef777f9a1c42bf4e552ba23ac77a6351de620aa9acf64ad54933ad4d34"},
    {file = "typed_ast-1.4.1-cp39-cp39-macosx_10_9_x86_64.whl", hash = "sha256:92c325624e304ebf0e025d1224b77dd4e6393f18aab8d829b5b7e04afe9b7a2c"},
    {file = "typed_ast-1.4.1-cp39-cp39-manylinux1_i686.whl", hash = "sha256:d648b8e3bf2fe648745c8ffcee3db3ff903d0817a01a12dd6a6ea7a8f4889072"},
    {file = "typed_ast-1.4.1-cp39-cp39-manylinux1_x86_64.whl", hash = "sha256:fac11badff8313e23717f3dada86a15389d0708275bddf766cca67a84ead3e91"},
    {file = "typed_ast-1.4.1-cp39-cp39-manylinux2014_aarch64.whl", hash = "sha256:0d8110d78a5736e16e26213114a38ca35cb15b6515d535413b090bd50951556d"},
    {file = "typed_ast-1.4.1-cp39-cp39-win32.whl", hash = "sha256:b52ccf7cfe4ce2a1064b18594381bccf4179c2ecf7f513134ec2f993dd4ab395"},
    {file = "typed_ast-1.4.1-cp39-cp39-win_amd64.whl", hash = "sha256:3742b32cf1c6ef124d57f95be609c473d7ec4c14d0090e5a5e05a15269fb4d0c"},
    {file = "typed_ast-1.4.1.tar.gz", hash = "sha256:8c8aaad94455178e3187ab22c8b01a3837f8ee50e09cf31f1ba129eb293ec30b"},
]

[package.source]
type = "legacy"
url = "https://mirrors.cloud.tencent.com/pypi/simple"
reference = "tuna"

[[package]]
name = "urllib3"
version = "1.25.9"
description = "HTTP library with thread-safe connection pooling, file post, and more."
optional = false
python-versions = ">=2.7, !=3.0.*, !=3.1.*, !=3.2.*, !=3.3.*, !=3.4.*, <4"
files = [
    {file = "urllib3-1.25.9-py2.py3-none-any.whl", hash = "sha256:88206b0eb87e6d677d424843ac5209e3fb9d0190d0ee169599165ec25e9d9115"},
    {file = "urllib3-1.25.9.tar.gz", hash = "sha256:3018294ebefce6572a474f0604c2021e33b3fd8006ecd11d62107a5d2a963527"},
]

[package.extras]
brotli = ["brotlipy (>=0.6.0)"]
secure = ["certifi", "cryptography (>=1.3.4)", "idna (>=2.0.0)", "ipaddress", "pyOpenSSL (>=0.14)"]
socks = ["PySocks (>=1.5.6,!=1.5.7,<2.0)"]

[package.source]
type = "legacy"
url = "https://mirrors.cloud.tencent.com/pypi/simple"
reference = "tuna"

[[package]]
name = "w3lib"
version = "1.22.0"
description = "Library of web-related functions"
optional = false
python-versions = "*"
files = [
    {file = "w3lib-1.22.0-py2.py3-none-any.whl", hash = "sha256:0161d55537063e00d95a241663ede3395c4c6d7b777972ba2fd58bbab2001e53"},
    {file = "w3lib-1.22.0.tar.gz", hash = "sha256:0ad6d0203157d61149fd45aaed2e24f53902989c32fc1dccc2e2bfba371560df"},
]

[package.dependencies]
six = ">=1.4.1"

[package.source]
type = "legacy"
url = "https://mirrors.cloud.tencent.com/pypi/simple"
reference = "tuna"

[[package]]
name = "wcwidth"
version = "0.1.9"
description = "Measures number of Terminal column cells of wide-character codes"
optional = false
python-versions = "*"
files = [
    {file = "wcwidth-0.1.9-py2.py3-none-any.whl", hash = "sha256:cafe2186b3c009a04067022ce1dcd79cb38d8d65ee4f4791b8888d6599d1bbe1"},
    {file = "wcwidth-0.1.9.tar.gz", hash = "sha256:ee73862862a156bf77ff92b09034fc4825dd3af9cf81bc5b360668d425f3c5f1"},
]

[package.source]
type = "legacy"
url = "https://mirrors.cloud.tencent.com/pypi/simple"
reference = "tuna"

[[package]]
name = "websockets"
version = "8.0.2"
description = "An implementation of the WebSocket Protocol (RFC 6455 & 7692)"
optional = false
python-versions = ">=3.6"
files = [
    {file = "websockets-8.0.2-cp36-cp36m-macosx_10_6_intel.whl", hash = "sha256:e906128532a14b9d264a43eb48f9b3080d53a9bda819ab45bf56b8039dc606ac"},
    {file = "websockets-8.0.2-cp36-cp36m-manylinux1_i686.whl", hash = "sha256:83e63aa73331b9ca21af61df8f115fb5fbcba3f281bee650a4ad16a40cd1ef15"},
    {file = "websockets-8.0.2-cp36-cp36m-manylinux1_x86_64.whl", hash = "sha256:e9102043a81cdc8b7c8032ff4bce39f6229e4ac39cb2010946c912eeb84e2cb6"},
    {file = "websockets-8.0.2-cp36-cp36m-win32.whl", hash = "sha256:8d7a20a2f97f1e98c765651d9fb9437201a9ccc2c70e94b0270f1c5ef29667a3"},
    {file = "websockets-8.0.2-cp36-cp36m-win_amd64.whl", hash = "sha256:c82e286555f839846ef4f0fdd6910769a577952e1e26aa8ee7a6f45f040e3c2b"},
    {file = "websockets-8.0.2-cp37-cp37m-macosx_10_6_intel.whl", hash = "sha256:73ce69217e4655783ec72ce11c151053fcbd5b837cc39de7999e19605182e28a"},
    {file = "websockets-8.0.2-cp37-cp37m-manylinux1_i686.whl", hash = "sha256:8c77f7d182a6ea2a9d09c2612059f3ad859a90243e899617137ee3f6b7f2b584"},
    {file = "websockets-8.0.2-cp37-cp37m-manylinux1_x86_64.whl", hash = "sha256:a7affaeffbc5d55681934c16bb6b8fc82bb75b175e7fd4dcca798c938bde8dda"},
    {file = "websockets-8.0.2-cp37-cp37m-win32.whl", hash = "sha256:f5cb2683367e32da6a256b60929a3af9c29c212b5091cf5bace9358d03011bf5"},
    {file = "websockets-8.0.2-cp37-cp37m-win_amd64.whl", hash = "sha256:049e694abe33f8a1d99969fee7bfc0ae6761f7fd5f297c58ea933b27dd6805f2"},
    {file = "websockets-8.0.2.tar.gz", hash = "sha256:882a7266fa867a2ebb2c0baaa0f9159cabf131cf18c1b4270d79ad42f9208dc5"},
]

[package.source]
type = "legacy"
url = "https://mirrors.cloud.tencent.com/pypi/simple"
reference = "tuna"

[[package]]
name = "wrapt"
version = "1.12.1"
description = "Module for decorators, wrappers and monkey patching."
optional = false
python-versions = "*"
files = [
    {file = "wrapt-1.12.1.tar.gz", hash = "sha256:b62ffa81fb85f4332a4f609cab4ac40709470da05643a082ec1eb88e6d9b97d7"},
]

[package.source]
type = "legacy"
url = "https://mirrors.cloud.tencent.com/pypi/simple"
reference = "tuna"

[metadata]
lock-version = "2.0"
python-versions = "^3.6"
content-hash = "10ba48f0e8c6b6315e18b560050c91256606f2b7150df598c073caed82c86f95"
